{
  "version": 4,
  "terraform_version": "0.14.7",
  "serial": 5,
  "lineage": "66586317-ff67-c2d9-5ee5-cc787bb9e886",
  "outputs": {},
  "resources": [
    {
      "module": "module.appservice",
      "mode": "managed",
      "type": "azurerm_app_service",
      "name": "test",
      "provider": "provider[\"registry.terraform.io/hashicorp/azurerm\"]",
      "instances": [
        {
          "schema_version": 0,
          "attributes": {
            "app_service_plan_id": "/subscriptions/e1b9dc3d-d767-4329-887b-85b9424a7d8b/resourceGroups/pimage/providers/Microsoft.Web/serverfarms/test-app-AppService",
            "app_settings": {
              "WEBSITE_RUN_FROM_PACKAGE": "0"
            },
            "auth_settings": [
              {
                "active_directory": [],
                "additional_login_params": {},
                "allowed_external_redirect_urls": [],
                "default_provider": "",
                "enabled": false,
                "facebook": [],
                "google": [],
                "issuer": "",
                "microsoft": [],
                "runtime_version": "",
                "token_refresh_extension_hours": 0,
                "token_store_enabled": false,
                "twitter": [],
                "unauthenticated_client_action": ""
              }
            ],
            "backup": [],
            "client_affinity_enabled": false,
            "client_cert_enabled": false,
            "connection_string": [],
            "custom_domain_verification_id": "7E173CA847B6454693203D9B858CFC2715D3FBF893CD0DC68CCDEF1F717F893C",
            "default_site_hostname": "test-app-appservice.azurewebsites.net",
            "enabled": true,
            "https_only": false,
            "id": "/subscriptions/e1b9dc3d-d767-4329-887b-85b9424a7d8b/resourceGroups/pimage/providers/Microsoft.Web/sites/test-app-AppService",
            "identity": [],
            "location": "westeurope",
            "logs": [
              {
                "application_logs": [
                  {
                    "azure_blob_storage": [],
                    "file_system_level": "Off"
                  }
                ],
                "detailed_error_messages_enabled": false,
                "failed_request_tracing_enabled": false,
                "http_logs": [
                  {
                    "azure_blob_storage": [],
                    "file_system": []
                  }
                ]
              }
            ],
            "name": "test-app-AppService",
            "outbound_ip_address_list": [
              "20.73.237.224",
              "20.73.115.38",
              "20.73.115.185",
              "20.73.115.206",
              "20.73.116.7",
              "20.73.116.58",
              "20.50.2.32"
            ],
            "outbound_ip_addresses": "20.73.237.224,20.73.115.38,20.73.115.185,20.73.115.206,20.73.116.7,20.73.116.58,20.50.2.32",
            "possible_outbound_ip_address_list": [
              "20.73.237.224",
              "20.73.115.38",
              "20.73.115.185",
              "20.73.115.206",
              "20.73.116.7",
              "20.73.116.58",
              "20.73.116.79",
              "20.73.117.20",
              "20.73.118.82",
              "20.73.118.139",
              "20.73.118.226",
              "20.73.118.228",
              "20.73.118.249",
              "20.73.119.14",
              "20.73.119.41",
              "20.73.119.56",
              "20.73.119.89",
              "20.76.58.151",
              "20.76.58.168",
              "20.71.75.130",
              "20.76.58.189",
              "20.76.58.236",
              "20.76.58.243",
              "20.76.59.23",
              "20.76.59.54",
              "20.76.59.65",
              "20.76.59.73",
              "20.71.18.168",
              "20.71.19.104",
              "20.71.19.174",
              "20.50.2.32"
            ],
            "possible_outbound_ip_addresses": "20.73.237.224,20.73.115.38,20.73.115.185,20.73.115.206,20.73.116.7,20.73.116.58,20.73.116.79,20.73.117.20,20.73.118.82,20.73.118.139,20.73.118.226,20.73.118.228,20.73.118.249,20.73.119.14,20.73.119.41,20.73.119.56,20.73.119.89,20.76.58.151,20.76.58.168,20.71.75.130,20.76.58.189,20.76.58.236,20.76.58.243,20.76.59.23,20.76.59.54,20.76.59.65,20.76.59.73,20.71.18.168,20.71.19.104,20.71.19.174,20.50.2.32",
            "resource_group_name": "pimage",
            "site_config": [
              {
                "always_on": false,
                "app_command_line": "",
                "auto_swap_slot_name": "",
                "cors": [],
                "default_documents": [
                  "Default.htm",
                  "Default.html",
                  "Default.asp",
                  "index.htm",
                  "index.html",
                  "iisstart.htm",
                  "default.aspx",
                  "index.php",
                  "hostingstart.html"
                ],
                "dotnet_framework_version": "v4.0",
                "ftps_state": "AllAllowed",
                "health_check_path": "",
                "http2_enabled": false,
                "ip_restriction": [],
                "java_container": "",
                "java_container_version": "",
                "java_version": "",
                "linux_fx_version": "",
                "local_mysql_enabled": false,
                "managed_pipeline_mode": "Integrated",
                "min_tls_version": "1.2",
                "number_of_workers": 1,
                "php_version": "5.6",
                "python_version": "",
                "remote_debugging_enabled": false,
                "remote_debugging_version": "",
                "scm_ip_restriction": [],
                "scm_type": "None",
                "scm_use_main_ip_restriction": false,
                "use_32_bit_worker_process": true,
                "websockets_enabled": false,
                "windows_fx_version": ""
              }
            ],
            "site_credential": [
              {
                "password": "LTqKb9jmuM82kuMnljkicy44L9GjxYEJuwjCqfovzBJlolSmXnFCh4wpzTSJ",
                "username": "$test-app-AppService"
              }
            ],
            "source_control": [
              {
                "branch": "master",
                "manual_integration": false,
                "repo_url": "",
                "rollback_enabled": false,
                "use_mercurial": false
              }
            ],
            "storage_account": [],
            "tags": null,
            "timeouts": null
          },
          "sensitive_attributes": [],
          "private": "eyJlMmJmYjczMC1lY2FhLTExZTYtOGY4OC0zNDM2M2JjN2M0YzAiOnsiY3JlYXRlIjoxODAwMDAwMDAwMDAwLCJkZWxldGUiOjE4MDAwMDAwMDAwMDAsInJlYWQiOjMwMDAwMDAwMDAwMCwidXBkYXRlIjoxODAwMDAwMDAwMDAwfX0=",
          "dependencies": [
            "module.appservice.azurerm_app_service_plan.test",
            "module.resource_group.azurerm_resource_group.test"
          ]
        }
      ]
    },
    {
      "module": "module.appservice",
      "mode": "managed",
      "type": "azurerm_app_service_plan",
      "name": "test",
      "provider": "provider[\"registry.terraform.io/hashicorp/azurerm\"]",
      "instances": [
        {
          "schema_version": 0,
          "attributes": {
            "app_service_environment_id": "",
            "id": "/subscriptions/e1b9dc3d-d767-4329-887b-85b9424a7d8b/resourceGroups/pimage/providers/Microsoft.Web/serverfarms/test-app-AppService",
            "is_xenon": false,
            "kind": "Windows",
            "location": "westeurope",
            "maximum_elastic_worker_count": 1,
            "maximum_number_of_workers": 1,
            "name": "test-app-AppService",
            "per_site_scaling": false,
            "reserved": false,
            "resource_group_name": "pimage",
            "sku": [
              {
                "capacity": 0,
                "size": "F1",
                "tier": "Free"
              }
            ],
            "tags": null,
            "timeouts": null
          },
          "sensitive_attributes": [],
          "private": "eyJlMmJmYjczMC1lY2FhLTExZTYtOGY4OC0zNDM2M2JjN2M0YzAiOnsiY3JlYXRlIjozNjAwMDAwMDAwMDAwLCJkZWxldGUiOjM2MDAwMDAwMDAwMDAsInJlYWQiOjMwMDAwMDAwMDAwMCwidXBkYXRlIjozNjAwMDAwMDAwMDAwfX0=",
          "dependencies": [
            "module.resource_group.azurerm_resource_group.test"
          ]
        }
      ]
    },
    {
      "module": "module.network",
      "mode": "managed",
      "type": "azurerm_subnet",
      "name": "test",
      "provider": "provider[\"registry.terraform.io/hashicorp/azurerm\"]",
      "instances": [
        {
          "schema_version": 0,
          "attributes": {
            "address_prefix": "10.5.1.0/24",
            "address_prefixes": [
              "10.5.1.0/24"
            ],
            "delegation": [],
            "enforce_private_link_endpoint_network_policies": false,
            "enforce_private_link_service_network_policies": false,
            "id": "/subscriptions/e1b9dc3d-d767-4329-887b-85b9424a7d8b/resourceGroups/pimage/providers/Microsoft.Network/virtualNetworks/test-app-NET/subnets/test-app-NET-sub",
            "name": "test-app-NET-sub",
            "resource_group_name": "pimage",
            "service_endpoint_policy_ids": null,
            "service_endpoints": null,
            "timeouts": null,
            "virtual_network_name": "test-app-NET"
          },
          "sensitive_attributes": [],
          "private": "eyJlMmJmYjczMC1lY2FhLTExZTYtOGY4OC0zNDM2M2JjN2M0YzAiOnsiY3JlYXRlIjoxODAwMDAwMDAwMDAwLCJkZWxldGUiOjE4MDAwMDAwMDAwMDAsInJlYWQiOjMwMDAwMDAwMDAwMCwidXBkYXRlIjoxODAwMDAwMDAwMDAwfX0=",
          "dependencies": [
            "module.network.azurerm_virtual_network.test",
            "module.resource_group.azurerm_resource_group.test"
          ]
        }
      ]
    },
    {
      "module": "module.network",
      "mode": "managed",
      "type": "azurerm_virtual_network",
      "name": "test",
      "provider": "provider[\"registry.terraform.io/hashicorp/azurerm\"]",
      "instances": [
        {
          "schema_version": 0,
          "attributes": {
            "address_space": [
              "10.5.0.0/16"
            ],
            "bgp_community": "",
            "ddos_protection_plan": [],
            "dns_servers": null,
            "guid": "33fcf5c8-8c08-46ae-b30c-83d8e5afca73",
            "id": "/subscriptions/e1b9dc3d-d767-4329-887b-85b9424a7d8b/resourceGroups/pimage/providers/Microsoft.Network/virtualNetworks/test-app-NET",
            "location": "westeurope",
            "name": "test-app-NET",
            "resource_group_name": "pimage",
            "subnet": [],
            "tags": null,
            "timeouts": null,
            "vm_protection_enabled": false
          },
          "sensitive_attributes": [],
          "private": "eyJlMmJmYjczMC1lY2FhLTExZTYtOGY4OC0zNDM2M2JjN2M0YzAiOnsiY3JlYXRlIjoxODAwMDAwMDAwMDAwLCJkZWxldGUiOjE4MDAwMDAwMDAwMDAsInJlYWQiOjMwMDAwMDAwMDAwMCwidXBkYXRlIjoxODAwMDAwMDAwMDAwfX0=",
          "dependencies": [
            "module.resource_group.azurerm_resource_group.test"
          ]
        }
      ]
    },
    {
      "module": "module.nsg-test",
      "mode": "managed",
      "type": "azurerm_network_security_group",
      "name": "nsg",
      "provider": "provider[\"registry.terraform.io/hashicorp/azurerm\"]",
      "instances": [
        {
          "schema_version": 0,
          "attributes": {
            "id": "/subscriptions/e1b9dc3d-d767-4329-887b-85b9424a7d8b/resourceGroups/pimage/providers/Microsoft.Network/networkSecurityGroups/test-app-NSG",
            "location": "westeurope",
            "name": "test-app-NSG",
            "resource_group_name": "pimage",
            "security_rule": [
              {
                "access": "Allow",
                "description": "",
                "destination_address_prefix": "*",
                "destination_address_prefixes": [],
                "destination_application_security_group_ids": [],
                "destination_port_range": "22",
                "destination_port_ranges": [],
                "direction": "Inbound",
                "name": "SSH",
                "priority": 1001,
                "protocol": "Tcp",
                "source_address_prefix": "*",
                "source_address_prefixes": [],
                "source_application_security_group_ids": [],
                "source_port_range": "*",
                "source_port_ranges": []
              },
              {
                "access": "Allow",
                "description": "",
                "destination_address_prefix": "*",
                "destination_address_prefixes": [],
                "destination_application_security_group_ids": [],
                "destination_port_range": "5000",
                "destination_port_ranges": [],
                "direction": "Inbound",
                "name": "test-app-NSG-5000",
                "priority": 100,
                "protocol": "Tcp",
                "source_address_prefix": "10.5.1.0/24",
                "source_address_prefixes": [],
                "source_application_security_group_ids": [],
                "source_port_range": "*",
                "source_port_ranges": []
              }
            ],
            "tags": null,
            "timeouts": null
          },
          "sensitive_attributes": [],
          "private": "eyJlMmJmYjczMC1lY2FhLTExZTYtOGY4OC0zNDM2M2JjN2M0YzAiOnsiY3JlYXRlIjoxODAwMDAwMDAwMDAwLCJkZWxldGUiOjE4MDAwMDAwMDAwMDAsInJlYWQiOjMwMDAwMDAwMDAwMCwidXBkYXRlIjoxODAwMDAwMDAwMDAwfX0=",
          "dependencies": [
            "module.resource_group.azurerm_resource_group.test"
          ]
        }
      ]
    },
    {
      "module": "module.nsg-test",
      "mode": "managed",
      "type": "azurerm_subnet_network_security_group_association",
      "name": "test",
      "provider": "provider[\"registry.terraform.io/hashicorp/azurerm\"]",
      "instances": [
        {
          "schema_version": 0,
          "attributes": {
            "id": "/subscriptions/e1b9dc3d-d767-4329-887b-85b9424a7d8b/resourceGroups/pimage/providers/Microsoft.Network/virtualNetworks/test-app-NET/subnets/test-app-NET-sub",
            "network_security_group_id": "/subscriptions/e1b9dc3d-d767-4329-887b-85b9424a7d8b/resourceGroups/pimage/providers/Microsoft.Network/networkSecurityGroups/test-app-NSG",
            "subnet_id": "/subscriptions/e1b9dc3d-d767-4329-887b-85b9424a7d8b/resourceGroups/pimage/providers/Microsoft.Network/virtualNetworks/test-app-NET/subnets/test-app-NET-sub",
            "timeouts": null
          },
          "sensitive_attributes": [],
          "private": "eyJlMmJmYjczMC1lY2FhLTExZTYtOGY4OC0zNDM2M2JjN2M0YzAiOnsiY3JlYXRlIjoxODAwMDAwMDAwMDAwLCJkZWxldGUiOjE4MDAwMDAwMDAwMDAsInJlYWQiOjMwMDAwMDAwMDAwMCwidXBkYXRlIjoxODAwMDAwMDAwMDAwfX0=",
          "dependencies": [
            "module.network.azurerm_subnet.test",
            "module.network.azurerm_virtual_network.test",
            "module.nsg-test.azurerm_network_security_group.nsg",
            "module.resource_group.azurerm_resource_group.test"
          ]
        }
      ]
    },
    {
      "module": "module.publicip",
      "mode": "managed",
      "type": "azurerm_public_ip",
      "name": "test",
      "provider": "provider[\"registry.terraform.io/hashicorp/azurerm\"]",
      "instances": [
        {
          "schema_version": 0,
          "attributes": {
            "allocation_method": "Dynamic",
            "domain_name_label": null,
            "fqdn": null,
            "id": "/subscriptions/e1b9dc3d-d767-4329-887b-85b9424a7d8b/resourceGroups/pimage/providers/Microsoft.Network/publicIPAddresses/test-app-publicip-pubip",
            "idle_timeout_in_minutes": 4,
            "ip_address": "",
            "ip_version": "IPv4",
            "location": "westeurope",
            "name": "test-app-publicip-pubip",
            "public_ip_prefix_id": null,
            "resource_group_name": "pimage",
            "reverse_fqdn": null,
            "sku": "Basic",
            "tags": null,
            "timeouts": null,
            "zones": null
          },
          "sensitive_attributes": [],
          "private": "eyJlMmJmYjczMC1lY2FhLTExZTYtOGY4OC0zNDM2M2JjN2M0YzAiOnsiY3JlYXRlIjoxODAwMDAwMDAwMDAwLCJkZWxldGUiOjE4MDAwMDAwMDAwMDAsInJlYWQiOjMwMDAwMDAwMDAwMCwidXBkYXRlIjoxODAwMDAwMDAwMDAwfX0=",
          "dependencies": [
            "module.resource_group.azurerm_resource_group.test"
          ]
        }
      ]
    },
    {
      "module": "module.resource_group",
      "mode": "managed",
      "type": "azurerm_resource_group",
      "name": "test",
      "provider": "provider[\"registry.terraform.io/hashicorp/azurerm\"]",
      "instances": [
        {
          "schema_version": 0,
          "attributes": {
            "id": "/subscriptions/e1b9dc3d-d767-4329-887b-85b9424a7d8b/resourceGroups/pimage",
            "location": "westeurope",
            "name": "pimage",
            "tags": null,
            "timeouts": null
          },
          "sensitive_attributes": [],
          "private": "eyJlMmJmYjczMC1lY2FhLTExZTYtOGY4OC0zNDM2M2JjN2M0YzAiOnsiY3JlYXRlIjo1NDAwMDAwMDAwMDAwLCJkZWxldGUiOjU0MDAwMDAwMDAwMDAsInJlYWQiOjMwMDAwMDAwMDAwMCwidXBkYXRlIjo1NDAwMDAwMDAwMDAwfX0="
        }
      ]
    },
    {
      "module": "module.vm",
      "mode": "managed",
      "type": "azurerm_linux_virtual_machine",
      "name": "main",
      "provider": "provider[\"registry.terraform.io/hashicorp/azurerm\"]",
      "instances": [
        {
          "schema_version": 0,
          "attributes": {
            "additional_capabilities": [],
            "admin_password": null,
            "admin_ssh_key": [
              {
                "public_key": "ssh-rsa AAAAB3NzaC1yc2EAAAADAQABAAABgQDSLqHGbQ8RhiR6HJ3BzDB5iaM6CB6x+MovpW00w4LKosZ22JlXn4zWfFTyeU6l7roToJ/rOAaf2GCMYxwvj+iZVo6AvVVhWN2r8e7hioTJGzOBMKsHE3t4ZsPBrSv/Mwb8TMQVUnOcrr4D343766IORaKeHoHFd3vcYx3DtmMSfD0+JjoxIfjYgJ6wNGSNDsv4SOStCyJGgDC7hezJATPC/WXnAg7MjMtmrxMwBVrbmDLFWMY50W78xIEgXAbSFSVlGCzvwoXKrDPLDkWjhPNm4PVALw2a1FbfVQs9DSJm2v59mV6ipGbVAf3aWb4JweA8J8/RL7FK2y1lvW8LDth+t/JnBbsPPoRPXIFwpBxQDqubiHM5CrF98mvUD8gSKdHk9/MLVPgSABbYu3dg6YYlS5SPZFk4nlOmM0ahGxrdC8e7rqqCQjyC7LHWG1YknwUIUOr/4F+7v00dJmurWLKVGzNo0zMJRvX9c+tgqYogCiVnIPazRHwsJQp7QdNEgbE= corneliuspchakabva\n",
                "username": "corneyc"
              }
            ],
            "admin_username": "corneyc",
            "allow_extension_operations": true,
            "availability_set_id": "",
            "boot_diagnostics": [],
            "computer_name": "vm1",
            "custom_data": null,
            "dedicated_host_id": "",
            "disable_password_authentication": true,
            "encryption_at_host_enabled": false,
            "eviction_policy": "",
            "extensions_time_budget": "PT1H30M",
            "id": "/subscriptions/e1b9dc3d-d767-4329-887b-85b9424a7d8b/resourceGroups/pimage/providers/Microsoft.Compute/virtualMachines/vm1",
            "identity": [],
            "location": "westeurope",
            "max_bid_price": -1,
            "name": "vm1",
            "network_interface_ids": [
              "/subscriptions/e1b9dc3d-d767-4329-887b-85b9424a7d8b/resourceGroups/pimage/providers/Microsoft.Network/networkInterfaces/vm1VMNic"
            ],
            "os_disk": [
              {
                "caching": "ReadWrite",
                "diff_disk_settings": [],
                "disk_encryption_set_id": "",
                "disk_size_gb": 30,
                "name": "vm1_disk1_fc5b516156274a0abbee985e9a2b9ef5",
                "storage_account_type": "Standard_LRS",
                "write_accelerator_enabled": false
              }
            ],
            "plan": [],
            "priority": "Regular",
            "private_ip_address": "10.5.1.4",
            "private_ip_addresses": [
              "10.5.1.4"
            ],
            "provision_vm_agent": true,
            "proximity_placement_group_id": "",
            "public_ip_address": "20.67.117.185",
            "public_ip_addresses": [
              "20.67.117.185"
            ],
            "resource_group_name": "pimage",
            "secret": [],
            "size": "Standard_B1s",
            "source_image_id": "/subscriptions/e1b9dc3d-d767-4329-887b-85b9424a7d8b/resourceGroups/pimages/providers/Microsoft.Compute/images/packer-temp",
            "source_image_reference": [],
            "tags": {
              "environment": "test",
              "project_name": "QA",
              "stage": "Submission"
            },
            "timeouts": null,
            "virtual_machine_id": "a3e50a4b-9311-4a0b-9142-98b95ebd546f",
            "virtual_machine_scale_set_id": "",
            "zone": ""
          },
          "sensitive_attributes": [],
          "private": "eyJlMmJmYjczMC1lY2FhLTExZTYtOGY4OC0zNDM2M2JjN2M0YzAiOnsiY3JlYXRlIjoyNzAwMDAwMDAwMDAwLCJkZWxldGUiOjI3MDAwMDAwMDAwMDAsInJlYWQiOjMwMDAwMDAwMDAwMCwidXBkYXRlIjoyNzAwMDAwMDAwMDAwfX0=",
          "dependencies": [
            "module.network.azurerm_subnet.test",
            "module.network.azurerm_virtual_network.test",
            "module.publicip.azurerm_public_ip.test",
            "module.resource_group.azurerm_resource_group.test",
            "module.vm.azurerm_network_interface.test"
          ]
        }
      ]
    },
    {
      "module": "module.vm",
      "mode": "managed",
      "type": "azurerm_network_interface",
      "name": "test",
      "provider": "provider[\"registry.terraform.io/hashicorp/azurerm\"]",
      "instances": [
        {
          "schema_version": 0,
          "attributes": {
            "applied_dns_servers": [],
            "dns_servers": [],
            "enable_accelerated_networking": false,
            "enable_ip_forwarding": false,
            "id": "/subscriptions/e1b9dc3d-d767-4329-887b-85b9424a7d8b/resourceGroups/pimage/providers/Microsoft.Network/networkInterfaces/vm1VMNic",
            "internal_dns_name_label": "",
            "internal_domain_name_suffix": "zd05ymyirsxenmymqpmoll4kod.ax.internal.cloudapp.net",
            "ip_configuration": [
              {
                "name": "internal",
                "primary": true,
                "private_ip_address": "10.5.1.4",
                "private_ip_address_allocation": "Dynamic",
                "private_ip_address_version": "IPv4",
                "public_ip_address_id": "/subscriptions/e1b9dc3d-d767-4329-887b-85b9424a7d8b/resourceGroups/pimage/providers/Microsoft.Network/publicIPAddresses/test-app-publicip-pubip",
                "subnet_id": "/subscriptions/e1b9dc3d-d767-4329-887b-85b9424a7d8b/resourceGroups/pimage/providers/Microsoft.Network/virtualNetworks/test-app-NET/subnets/test-app-NET-sub"
              }
            ],
            "location": "westeurope",
            "mac_address": "",
            "name": "vm1VMNic",
            "private_ip_address": "10.5.1.4",
            "private_ip_addresses": [
              "10.5.1.4"
            ],
            "resource_group_name": "pimage",
            "tags": null,
            "timeouts": null,
            "virtual_machine_id": ""
          },
          "sensitive_attributes": [],
          "private": "eyJlMmJmYjczMC1lY2FhLTExZTYtOGY4OC0zNDM2M2JjN2M0YzAiOnsiY3JlYXRlIjoxODAwMDAwMDAwMDAwLCJkZWxldGUiOjE4MDAwMDAwMDAwMDAsInJlYWQiOjMwMDAwMDAwMDAwMCwidXBkYXRlIjoxODAwMDAwMDAwMDAwfX0=",
          "dependencies": [
            "module.network.azurerm_subnet.test",
            "module.network.azurerm_virtual_network.test",
            "module.publicip.azurerm_public_ip.test",
            "module.resource_group.azurerm_resource_group.test"
          ]
        }
      ]
    }
  ]
}
